
Microsoft Visual Studio Solution File, Format Version 12.00
# Visual Studio Version 17
VisualStudioVersion = 17.3.32804.467
MinimumVisualStudioVersion = 10.0.40219.1
Project("{FAE04EC0-301F-11D3-BF4B-00C04F79EFBC}") = "PTBIG", "PTBIG\PTBIG.csproj", "{53A7B311-C7AB-435E-BD0C-2DD4B54B1BF4}"
EndProject
Global
	GlobalSection(SolutionConfigurationPlatforms) = preSolution
		Debug|Any CPU = Debug|Any CPU
		Release|Any CPU = Release|Any CPU
	EndGlobalSection
	GlobalSection(ProjectConfigurationPlatforms) = postSolution
		{53A7B311-C7AB-435E-BD0C-2DD4B54B1BF4}.Debug|Any CPU.ActiveCfg = Debug|Any CPU
		{53A7B311-C7AB-435E-BD0C-2DD4B54B1BF4}.Debug|Any CPU.Build.0 = Debug|Any CPU
		{53A7B311-C7AB-435E-BD0C-2DD4B54B1BF4}.Release|Any CPU.ActiveCfg = Release|Any CPU
		{53A7B311-C7AB-435E-BD0C-2DD4B54B1BF4}.Release|Any CPU.Build.0 = Release|Any CPU
	EndGlobalSection
	GlobalSection(SolutionProperties) = preSolution
		HideSolutionNode = FALSE
	EndGlobalSection
	GlobalSection(ExtensibilityGlobals) = postSolution
		SolutionGuid = {6BD34360-F5D3-4193-8323-C3921C25A145}
	EndGlobalSection
EndGlobal
